<Solution>
  <Folder Name="/SolutionFiles/">
    <File Path=".gitignore" />
    <File Path="Directory.Build.props" />
    <File Path="Version.props" />
  </Folder>
  <Folder Name="/src/">
    <Project Path="src/Proxima.Align/Proxima.Align.csproj">
      <Deploy Solution="Debug|*" />
    </Project>
  </Folder>
  <Folder Name="/tests/">
    <Project Path="tests/Proxima.Align.Tests/Proxima.Align.Tests.csproj" />
  </Folder>
</Solution>
